
Microsoft Visual Studio Solution File, Format Version 12.00
Project("{FAE04EC0-301F-11D3-BF4B-00C04F79EFBC}") = "IST Projects", "IST Projects\IST Projects.csproj", "{4130FD90-97D0-42D6-93C6-DE58ECD631E6}"
EndProject
Global
	GlobalSection(SolutionConfigurationPlatforms) = preSolution
		Debug|Any CPU = Debug|Any CPU
		Release|Any CPU = Release|Any CPU
	EndGlobalSection
	GlobalSection(ProjectConfigurationPlatforms) = postSolution
		{4130FD90-97D0-42D6-93C6-DE58ECD631E6}.Debug|Any CPU.ActiveCfg = Debug|Any CPU
		{4130FD90-97D0-42D6-93C6-DE58ECD631E6}.Debug|Any CPU.Build.0 = Debug|Any CPU
		{4130FD90-97D0-42D6-93C6-DE58ECD631E6}.Release|Any CPU.ActiveCfg = Release|Any CPU
		{4130FD90-97D0-42D6-93C6-DE58ECD631E6}.Release|Any CPU.Build.0 = Release|Any CPU
	EndGlobalSection
EndGlobal
